
Microsoft Visual Studio Solution File, Format Version 12.00
Project("{FAE04EC0-301F-11D3-BF4B-00C04F79EFBC}") = "Exercise2", "Exercise2\Exercise2.csproj", "{AC2EE3DF-C3CE-49C6-B0A3-809F40539E0C}"
EndProject
Project("{FAE04EC0-301F-11D3-BF4B-00C04F79EFBC}") = "Exercise3", "Exercise3\Exercise3.csproj", "{7617D414-9821-427C-B167-AF0657C1FAA1}"
EndProject
Project("{FAE04EC0-301F-11D3-BF4B-00C04F79EFBC}") = "Exercise4", "Exercise4\Exercise4.csproj", "{492026A9-E9D3-4777-9E0E-6272E2B5811E}"
EndProject
Global
	GlobalSection(SolutionConfigurationPlatforms) = preSolution
		Debug|Any CPU = Debug|Any CPU
		Release|Any CPU = Release|Any CPU
	EndGlobalSection
	GlobalSection(ProjectConfigurationPlatforms) = postSolution
		{AC2EE3DF-C3CE-49C6-B0A3-809F40539E0C}.Debug|Any CPU.ActiveCfg = Debug|Any CPU
		{AC2EE3DF-C3CE-49C6-B0A3-809F40539E0C}.Debug|Any CPU.Build.0 = Debug|Any CPU
		{AC2EE3DF-C3CE-49C6-B0A3-809F40539E0C}.Release|Any CPU.ActiveCfg = Release|Any CPU
		{AC2EE3DF-C3CE-49C6-B0A3-809F40539E0C}.Release|Any CPU.Build.0 = Release|Any CPU
		{7617D414-9821-427C-B167-AF0657C1FAA1}.Debug|Any CPU.ActiveCfg = Debug|Any CPU
		{7617D414-9821-427C-B167-AF0657C1FAA1}.Debug|Any CPU.Build.0 = Debug|Any CPU
		{7617D414-9821-427C-B167-AF0657C1FAA1}.Release|Any CPU.ActiveCfg = Release|Any CPU
		{7617D414-9821-427C-B167-AF0657C1FAA1}.Release|Any CPU.Build.0 = Release|Any CPU
		{492026A9-E9D3-4777-9E0E-6272E2B5811E}.Debug|Any CPU.ActiveCfg = Debug|Any CPU
		{492026A9-E9D3-4777-9E0E-6272E2B5811E}.Debug|Any CPU.Build.0 = Debug|Any CPU
		{492026A9-E9D3-4777-9E0E-6272E2B5811E}.Release|Any CPU.ActiveCfg = Release|Any CPU
		{492026A9-E9D3-4777-9E0E-6272E2B5811E}.Release|Any CPU.Build.0 = Release|Any CPU
	EndGlobalSection
EndGlobal
